
Microsoft Visual Studio Solution File, Format Version 12.00
# Visual Studio Version 16
VisualStudioVersion = 16.0.28407.52
MinimumVisualStudioVersion = 10.0.40219.1
Project("{FAE04EC0-301F-11D3-BF4B-00C04F79EFBC}") = "Oocx.AspNetCore.LinkHeader", "Oocx.AspNetCore.LinkHeader\Oocx.AspNetCore.LinkHeader.csproj", "{2EA31533-1AD2-4D97-AC04-427267D3813D}"
EndProject
Project("{FAE04EC0-301F-11D3-BF4B-00C04F79EFBC}") = "Oocx.AspNetCore.LinkHeader.Tests", "Oocx.AspNetCore.LinkHeader.Tests\Oocx.AspNetCore.LinkHeader.Tests.csproj", "{59C2AB9E-AB16-4697-B663-14C4B8C8B510}"
EndProject
Global
	GlobalSection(SolutionConfigurationPlatforms) = preSolution
		Debug|Any CPU = Debug|Any CPU
		Release|Any CPU = Release|Any CPU
	EndGlobalSection
	GlobalSection(ProjectConfigurationPlatforms) = postSolution
		{2EA31533-1AD2-4D97-AC04-427267D3813D}.Debug|Any CPU.ActiveCfg = Debug|Any CPU
		{2EA31533-1AD2-4D97-AC04-427267D3813D}.Debug|Any CPU.Build.0 = Debug|Any CPU
		{2EA31533-1AD2-4D97-AC04-427267D3813D}.Release|Any CPU.ActiveCfg = Release|Any CPU
		{2EA31533-1AD2-4D97-AC04-427267D3813D}.Release|Any CPU.Build.0 = Release|Any CPU
		{59C2AB9E-AB16-4697-B663-14C4B8C8B510}.Debug|Any CPU.ActiveCfg = Debug|Any CPU
		{59C2AB9E-AB16-4697-B663-14C4B8C8B510}.Debug|Any CPU.Build.0 = Debug|Any CPU
		{59C2AB9E-AB16-4697-B663-14C4B8C8B510}.Release|Any CPU.ActiveCfg = Release|Any CPU
		{59C2AB9E-AB16-4697-B663-14C4B8C8B510}.Release|Any CPU.Build.0 = Release|Any CPU
	EndGlobalSection
	GlobalSection(SolutionProperties) = preSolution
		HideSolutionNode = FALSE
	EndGlobalSection
	GlobalSection(ExtensibilityGlobals) = postSolution
		SolutionGuid = {EDB05F71-CB9A-49F0-A338-960A8F3DD9FE}
	EndGlobalSection
EndGlobal
